
Microsoft Visual Studio Solution File, Format Version 12.00
# Visual Studio Version 17
VisualStudioVersion = 17.9.34728.123
MinimumVisualStudioVersion = 10.0.40219.1
Project("{9A19103F-16F7-4668-BE54-9A1E7A4F7556}") = "SklepSportowy", "SklepSportowy\SklepSportowy.csproj", "{B0DC7FAB-7983-424B-BE25-E188EB487B26}"
EndProject
Project("{FAE04EC0-301F-11D3-BF4B-00C04F79EFBC}") = "SklepSportowy.Application", "SklepSportowy.Application\SklepSportowy.Application.csproj", "{82CF58D2-5F7C-427D-B8D3-4596EC359D7E}"
EndProject
Project("{FAE04EC0-301F-11D3-BF4B-00C04F79EFBC}") = "SklepSportowy.Infrastructure", "SklepSportowy.Infrastructure\SklepSportowy.Infrastructure.csproj", "{97E6742B-6DAF-469B-94BC-0B782D23FA3E}"
EndProject
Project("{FAE04EC0-301F-11D3-BF4B-00C04F79EFBC}") = "SklepSportowy.Domain", "SklepSportowy.Domain\SklepSportowy.Domain.csproj", "{CF020589-CB7A-4AE0-837E-82F8E71EB953}"
EndProject
Global
	GlobalSection(SolutionConfigurationPlatforms) = preSolution
		Debug|Any CPU = Debug|Any CPU
		Release|Any CPU = Release|Any CPU
	EndGlobalSection
	GlobalSection(ProjectConfigurationPlatforms) = postSolution
		{B0DC7FAB-7983-424B-BE25-E188EB487B26}.Debug|Any CPU.ActiveCfg = Debug|Any CPU
		{B0DC7FAB-7983-424B-BE25-E188EB487B26}.Debug|Any CPU.Build.0 = Debug|Any CPU
		{B0DC7FAB-7983-424B-BE25-E188EB487B26}.Release|Any CPU.ActiveCfg = Release|Any CPU
		{B0DC7FAB-7983-424B-BE25-E188EB487B26}.Release|Any CPU.Build.0 = Release|Any CPU
		{82CF58D2-5F7C-427D-B8D3-4596EC359D7E}.Debug|Any CPU.ActiveCfg = Debug|Any CPU
		{82CF58D2-5F7C-427D-B8D3-4596EC359D7E}.Debug|Any CPU.Build.0 = Debug|Any CPU
		{82CF58D2-5F7C-427D-B8D3-4596EC359D7E}.Release|Any CPU.ActiveCfg = Release|Any CPU
		{82CF58D2-5F7C-427D-B8D3-4596EC359D7E}.Release|Any CPU.Build.0 = Release|Any CPU
		{97E6742B-6DAF-469B-94BC-0B782D23FA3E}.Debug|Any CPU.ActiveCfg = Debug|Any CPU
		{97E6742B-6DAF-469B-94BC-0B782D23FA3E}.Debug|Any CPU.Build.0 = Debug|Any CPU
		{97E6742B-6DAF-469B-94BC-0B782D23FA3E}.Release|Any CPU.ActiveCfg = Release|Any CPU
		{97E6742B-6DAF-469B-94BC-0B782D23FA3E}.Release|Any CPU.Build.0 = Release|Any CPU
		{CF020589-CB7A-4AE0-837E-82F8E71EB953}.Debug|Any CPU.ActiveCfg = Debug|Any CPU
		{CF020589-CB7A-4AE0-837E-82F8E71EB953}.Debug|Any CPU.Build.0 = Debug|Any CPU
		{CF020589-CB7A-4AE0-837E-82F8E71EB953}.Release|Any CPU.ActiveCfg = Release|Any CPU
		{CF020589-CB7A-4AE0-837E-82F8E71EB953}.Release|Any CPU.Build.0 = Release|Any CPU
	EndGlobalSection
	GlobalSection(SolutionProperties) = preSolution
		HideSolutionNode = FALSE
	EndGlobalSection
	GlobalSection(ExtensibilityGlobals) = postSolution
		SolutionGuid = {713C19F3-BE36-430F-AA69-19DE95C5D9E3}
	EndGlobalSection
EndGlobal
